
Microsoft Visual Studio Solution File, Format Version 12.00
# Visual Studio Version 17
VisualStudioVersion = 17.8.34511.84
MinimumVisualStudioVersion = 10.0.40219.1
Project("{FAE04EC0-301F-11D3-BF4B-00C04F79EFBC}") = "Web", "Web\Web.csproj", "{DD07FC10-CDE6-4BC4-85D6-D76BD0271265}"
EndProject
Global
	GlobalSection(SolutionConfigurationPlatforms) = preSolution
		Debug|Any CPU = Debug|Any CPU
		Release|Any CPU = Release|Any CPU
	EndGlobalSection
	GlobalSection(ProjectConfigurationPlatforms) = postSolution
		{DD07FC10-CDE6-4BC4-85D6-D76BD0271265}.Debug|Any CPU.ActiveCfg = Debug|Any CPU
		{DD07FC10-CDE6-4BC4-85D6-D76BD0271265}.Debug|Any CPU.Build.0 = Debug|Any CPU
		{DD07FC10-CDE6-4BC4-85D6-D76BD0271265}.Release|Any CPU.ActiveCfg = Release|Any CPU
		{DD07FC10-CDE6-4BC4-85D6-D76BD0271265}.Release|Any CPU.Build.0 = Release|Any CPU
	EndGlobalSection
	GlobalSection(SolutionProperties) = preSolution
		HideSolutionNode = FALSE
	EndGlobalSection
	GlobalSection(ExtensibilityGlobals) = postSolution
		SolutionGuid = {AFF9A268-5C1E-4689-835D-665E7E55E2F6}
	EndGlobalSection
EndGlobal
